
Microsoft Visual Studio Solution File, Format Version 12.00
# Visual Studio 15
VisualStudioVersion = 15.0.26403.0
MinimumVisualStudioVersion = 10.0.40219.1
Project("{FAE04EC0-301F-11D3-BF4B-00C04F79EFBC}") = "HR_Operations", "HR_Operations\HR_Operations.csproj", "{419D454F-4431-4FFF-BDBD-2F6CF5040A08}"
EndProject
Project("{FAE04EC0-301F-11D3-BF4B-00C04F79EFBC}") = "HR_Staffing", "HR_Staffing\HR_Staffing.csproj", "{9D6FD940-8464-453E-B617-DB17C1D88146}"
EndProject
Global
	GlobalSection(SolutionConfigurationPlatforms) = preSolution
		Debug|Any CPU = Debug|Any CPU
		Release|Any CPU = Release|Any CPU
	EndGlobalSection
	GlobalSection(ProjectConfigurationPlatforms) = postSolution
		{419D454F-4431-4FFF-BDBD-2F6CF5040A08}.Debug|Any CPU.ActiveCfg = Debug|Any CPU
		{419D454F-4431-4FFF-BDBD-2F6CF5040A08}.Debug|Any CPU.Build.0 = Debug|Any CPU
		{419D454F-4431-4FFF-BDBD-2F6CF5040A08}.Release|Any CPU.ActiveCfg = Release|Any CPU
		{419D454F-4431-4FFF-BDBD-2F6CF5040A08}.Release|Any CPU.Build.0 = Release|Any CPU
		{9D6FD940-8464-453E-B617-DB17C1D88146}.Debug|Any CPU.ActiveCfg = Debug|Any CPU
		{9D6FD940-8464-453E-B617-DB17C1D88146}.Debug|Any CPU.Build.0 = Debug|Any CPU
		{9D6FD940-8464-453E-B617-DB17C1D88146}.Release|Any CPU.ActiveCfg = Release|Any CPU
		{9D6FD940-8464-453E-B617-DB17C1D88146}.Release|Any CPU.Build.0 = Release|Any CPU
	EndGlobalSection
	GlobalSection(SolutionProperties) = preSolution
		HideSolutionNode = FALSE
	EndGlobalSection
EndGlobal
